
Microsoft Visual Studio Solution File, Format Version 12.00
# Visual Studio 2013
VisualStudioVersion = 12.0.31101.0
MinimumVisualStudioVersion = 10.0.40219.1
Project("{FAE04EC0-301F-11D3-BF4B-00C04F79EFBC}") = "HayMap", "HayMap\HayMap.csproj", "{82E03AEA-3F70-4D24-A230-3AE05794E8B5}"
EndProject
Project("{FAE04EC0-301F-11D3-BF4B-00C04F79EFBC}") = "HayMap.Automapper", "HayMap.Automapper\HayMap.Automapper.csproj", "{0BFF33A4-420D-4833-8E0F-B0A679655549}"
EndProject
Project("{FAE04EC0-301F-11D3-BF4B-00C04F79EFBC}") = "HayMap.Tests", "HayMap.Tests\HayMap.Tests.csproj", "{84FC16BE-53FD-4FD1-B767-FEDE6BEDFFF9}"
EndProject
Global
	GlobalSection(SolutionConfigurationPlatforms) = preSolution
		Debug|Any CPU = Debug|Any CPU
		Release|Any CPU = Release|Any CPU
	EndGlobalSection
	GlobalSection(ProjectConfigurationPlatforms) = postSolution
		{82E03AEA-3F70-4D24-A230-3AE05794E8B5}.Debug|Any CPU.ActiveCfg = Debug|Any CPU
		{82E03AEA-3F70-4D24-A230-3AE05794E8B5}.Debug|Any CPU.Build.0 = Debug|Any CPU
		{82E03AEA-3F70-4D24-A230-3AE05794E8B5}.Release|Any CPU.ActiveCfg = Release|Any CPU
		{82E03AEA-3F70-4D24-A230-3AE05794E8B5}.Release|Any CPU.Build.0 = Release|Any CPU
		{0BFF33A4-420D-4833-8E0F-B0A679655549}.Debug|Any CPU.ActiveCfg = Debug|Any CPU
		{0BFF33A4-420D-4833-8E0F-B0A679655549}.Debug|Any CPU.Build.0 = Debug|Any CPU
		{0BFF33A4-420D-4833-8E0F-B0A679655549}.Release|Any CPU.ActiveCfg = Release|Any CPU
		{0BFF33A4-420D-4833-8E0F-B0A679655549}.Release|Any CPU.Build.0 = Release|Any CPU
		{84FC16BE-53FD-4FD1-B767-FEDE6BEDFFF9}.Debug|Any CPU.ActiveCfg = Debug|Any CPU
		{84FC16BE-53FD-4FD1-B767-FEDE6BEDFFF9}.Debug|Any CPU.Build.0 = Debug|Any CPU
		{84FC16BE-53FD-4FD1-B767-FEDE6BEDFFF9}.Release|Any CPU.ActiveCfg = Release|Any CPU
		{84FC16BE-53FD-4FD1-B767-FEDE6BEDFFF9}.Release|Any CPU.Build.0 = Release|Any CPU
	EndGlobalSection
	GlobalSection(SolutionProperties) = preSolution
		HideSolutionNode = FALSE
	EndGlobalSection
EndGlobal
